
Microsoft Visual Studio Solution File, Format Version 12.00
# Visual Studio Version 16
VisualStudioVersion = 25.0.1706.1
MinimumVisualStudioVersion = 10.0.40219.1
Project("{FAE04EC0-301F-11D3-BF4B-00C04F79EFBC}") = "first-project", "first-project\first-project.csproj", "{B5D1B745-10E7-41D5-995C-62B2BB051CE2}"
EndProject
Global
	GlobalSection(SolutionConfigurationPlatforms) = preSolution
		Debug|Any CPU = Debug|Any CPU
		Release|Any CPU = Release|Any CPU
	EndGlobalSection
	GlobalSection(ProjectConfigurationPlatforms) = postSolution
		{B5D1B745-10E7-41D5-995C-62B2BB051CE2}.Debug|Any CPU.ActiveCfg = Debug|Any CPU
		{B5D1B745-10E7-41D5-995C-62B2BB051CE2}.Debug|Any CPU.Build.0 = Debug|Any CPU
		{B5D1B745-10E7-41D5-995C-62B2BB051CE2}.Release|Any CPU.ActiveCfg = Release|Any CPU
		{B5D1B745-10E7-41D5-995C-62B2BB051CE2}.Release|Any CPU.Build.0 = Release|Any CPU
	EndGlobalSection
	GlobalSection(SolutionProperties) = preSolution
		HideSolutionNode = FALSE
	EndGlobalSection
	GlobalSection(ExtensibilityGlobals) = postSolution
		SolutionGuid = {2A792E9B-18C8-4D79-92C0-284124702987}
	EndGlobalSection
EndGlobal
