
Microsoft Visual Studio Solution File, Format Version 12.00
# Visual Studio Version 17
VisualStudioVersion = 17.2.32630.192
MinimumVisualStudioVersion = 10.0.40219.1
Project("{FAE04EC0-301F-11D3-BF4B-00C04F79EFBC}") = "HelloWorldWebApp", "HelloWorldWebApp\HelloWorldWebApp.csproj", "{5CF9ABE8-5E01-4298-8EF3-37F4370B867B}"
EndProject
Global
	GlobalSection(SolutionConfigurationPlatforms) = preSolution
		Debug|Any CPU = Debug|Any CPU
		Release|Any CPU = Release|Any CPU
	EndGlobalSection
	GlobalSection(ProjectConfigurationPlatforms) = postSolution
		{5CF9ABE8-5E01-4298-8EF3-37F4370B867B}.Debug|Any CPU.ActiveCfg = Debug|Any CPU
		{5CF9ABE8-5E01-4298-8EF3-37F4370B867B}.Debug|Any CPU.Build.0 = Debug|Any CPU
		{5CF9ABE8-5E01-4298-8EF3-37F4370B867B}.Release|Any CPU.ActiveCfg = Release|Any CPU
		{5CF9ABE8-5E01-4298-8EF3-37F4370B867B}.Release|Any CPU.Build.0 = Release|Any CPU
	EndGlobalSection
	GlobalSection(SolutionProperties) = preSolution
		HideSolutionNode = FALSE
	EndGlobalSection
	GlobalSection(ExtensibilityGlobals) = postSolution
		SolutionGuid = {E988B0FC-C374-4C99-991A-1BF4C164E746}
	EndGlobalSection
EndGlobal
