
Microsoft Visual Studio Solution File, Format Version 12.00
# Visual Studio Version 16
VisualStudioVersion = 25.0.1706.1
MinimumVisualStudioVersion = 10.0.40219.1
Project("{FAE04EC0-301F-11D3-BF4B-00C04F79EFBC}") = "demo-api", "demo-api\demo-api.csproj", "{BFC47426-5166-4195-8CEA-7929D0235E1C}"
EndProject
Global
	GlobalSection(SolutionConfigurationPlatforms) = preSolution
		Debug|Any CPU = Debug|Any CPU
		Release|Any CPU = Release|Any CPU
	EndGlobalSection
	GlobalSection(ProjectConfigurationPlatforms) = postSolution
		{BFC47426-5166-4195-8CEA-7929D0235E1C}.Debug|Any CPU.ActiveCfg = Debug|Any CPU
		{BFC47426-5166-4195-8CEA-7929D0235E1C}.Debug|Any CPU.Build.0 = Debug|Any CPU
		{BFC47426-5166-4195-8CEA-7929D0235E1C}.Release|Any CPU.ActiveCfg = Release|Any CPU
		{BFC47426-5166-4195-8CEA-7929D0235E1C}.Release|Any CPU.Build.0 = Release|Any CPU
	EndGlobalSection
	GlobalSection(SolutionProperties) = preSolution
		HideSolutionNode = FALSE
	EndGlobalSection
	GlobalSection(ExtensibilityGlobals) = postSolution
		SolutionGuid = {2FD7B33B-5D46-4B05-A242-9A6881EEE503}
	EndGlobalSection
EndGlobal
