
Microsoft Visual Studio Solution File, Format Version 12.00
# Visual Studio Version 16
VisualStudioVersion = 25.0.1706.1
MinimumVisualStudioVersion = 10.0.40219.1
Project("{FAE04EC0-301F-11D3-BF4B-00C04F79EFBC}") = "demo-minimial-api", "demo-minimial-api\demo-minimial-api.csproj", "{8378CC51-6F5F-4D32-A3C6-60F92D04A339}"
EndProject
Global
	GlobalSection(SolutionConfigurationPlatforms) = preSolution
		Debug|Any CPU = Debug|Any CPU
		Release|Any CPU = Release|Any CPU
	EndGlobalSection
	GlobalSection(ProjectConfigurationPlatforms) = postSolution
		{8378CC51-6F5F-4D32-A3C6-60F92D04A339}.Debug|Any CPU.ActiveCfg = Debug|Any CPU
		{8378CC51-6F5F-4D32-A3C6-60F92D04A339}.Debug|Any CPU.Build.0 = Debug|Any CPU
		{8378CC51-6F5F-4D32-A3C6-60F92D04A339}.Release|Any CPU.ActiveCfg = Release|Any CPU
		{8378CC51-6F5F-4D32-A3C6-60F92D04A339}.Release|Any CPU.Build.0 = Release|Any CPU
	EndGlobalSection
	GlobalSection(SolutionProperties) = preSolution
		HideSolutionNode = FALSE
	EndGlobalSection
	GlobalSection(ExtensibilityGlobals) = postSolution
		SolutionGuid = {AD7C0943-EDCD-4440-9768-FED2B8B789B3}
	EndGlobalSection
EndGlobal
